
Microsoft Visual Studio Solution File, Format Version 12.00
# Visual Studio Version 17
VisualStudioVersion = 17.14.36429.23 d17.14
MinimumVisualStudioVersion = 10.0.40219.1
Project("{FAE04EC0-301F-11D3-BF4B-00C04F79EFBC}") = "WebApplication1", "WebApplication1\WebApplication1.csproj", "{D06AFE36-B177-450F-A03B-955ED73819F4}"
EndProject
Global
	GlobalSection(SolutionConfigurationPlatforms) = preSolution
		Debug|Any CPU = Debug|Any CPU
		Release|Any CPU = Release|Any CPU
	EndGlobalSection
	GlobalSection(ProjectConfigurationPlatforms) = postSolution
		{D06AFE36-B177-450F-A03B-955ED73819F4}.Debug|Any CPU.ActiveCfg = Debug|Any CPU
		{D06AFE36-B177-450F-A03B-955ED73819F4}.Debug|Any CPU.Build.0 = Debug|Any CPU
		{D06AFE36-B177-450F-A03B-955ED73819F4}.Release|Any CPU.ActiveCfg = Release|Any CPU
		{D06AFE36-B177-450F-A03B-955ED73819F4}.Release|Any CPU.Build.0 = Release|Any CPU
	EndGlobalSection
	GlobalSection(SolutionProperties) = preSolution
		HideSolutionNode = FALSE
	EndGlobalSection
	GlobalSection(ExtensibilityGlobals) = postSolution
		SolutionGuid = {0D563602-4E1F-4046-B117-606F0BA6DA23}
	EndGlobalSection
EndGlobal
